
Microsoft Visual Studio Solution File, Format Version 12.00
# Visual Studio Version 17
VisualStudioVersion = 17.1.32328.378
MinimumVisualStudioVersion = 10.0.40219.1
Project("{FAE04EC0-301F-11D3-BF4B-00C04F79EFBC}") = "Longest Increasing Subsequence", "Longest Increasing Subsequence\Longest Increasing Subsequence.csproj", "{7ADAE756-2990-4262-BE16-19803AC1AFD5}"
EndProject
Global
	GlobalSection(SolutionConfigurationPlatforms) = preSolution
		Debug|Any CPU = Debug|Any CPU
		Release|Any CPU = Release|Any CPU
	EndGlobalSection
	GlobalSection(ProjectConfigurationPlatforms) = postSolution
		{7ADAE756-2990-4262-BE16-19803AC1AFD5}.Debug|Any CPU.ActiveCfg = Debug|Any CPU
		{7ADAE756-2990-4262-BE16-19803AC1AFD5}.Debug|Any CPU.Build.0 = Debug|Any CPU
		{7ADAE756-2990-4262-BE16-19803AC1AFD5}.Release|Any CPU.ActiveCfg = Release|Any CPU
		{7ADAE756-2990-4262-BE16-19803AC1AFD5}.Release|Any CPU.Build.0 = Release|Any CPU
	EndGlobalSection
	GlobalSection(SolutionProperties) = preSolution
		HideSolutionNode = FALSE
	EndGlobalSection
	GlobalSection(ExtensibilityGlobals) = postSolution
		SolutionGuid = {714AB37F-0D27-4F17-9A9D-56D570E2DD8B}
	EndGlobalSection
EndGlobal
